
Microsoft Visual Studio Solution File, Format Version 11.00
# Visual Studio 2010
Project("{FAE04EC0-301F-11D3-BF4B-00C04F79EFBC}") = "ShootGOld", "Assembly-CSharp.csproj", "{92F9E0BE-5A7F-5260-1FD9-E893FBEC84A8}"
EndProject
Project("{FAE04EC0-301F-11D3-BF4B-00C04F79EFBC}") = "ShootGOld", "Assembly-CSharp-Editor.csproj", "{ABC1B82D-0B5E-44A5-E335-07A33237000D}"
EndProject
Global
	GlobalSection(SolutionConfigurationPlatforms) = preSolution
		Debug|Any CPU = Debug|Any CPU
		Release|Any CPU = Release|Any CPU
	EndGlobalSection
	GlobalSection(ProjectConfigurationPlatforms) = postSolution
		{92F9E0BE-5A7F-5260-1FD9-E893FBEC84A8}.Debug|Any CPU.ActiveCfg = Debug|Any CPU
		{92F9E0BE-5A7F-5260-1FD9-E893FBEC84A8}.Debug|Any CPU.Build.0 = Debug|Any CPU
		{92F9E0BE-5A7F-5260-1FD9-E893FBEC84A8}.Release|Any CPU.ActiveCfg = Release|Any CPU
		{92F9E0BE-5A7F-5260-1FD9-E893FBEC84A8}.Release|Any CPU.Build.0 = Release|Any CPU
		{ABC1B82D-0B5E-44A5-E335-07A33237000D}.Debug|Any CPU.ActiveCfg = Debug|Any CPU
		{ABC1B82D-0B5E-44A5-E335-07A33237000D}.Debug|Any CPU.Build.0 = Debug|Any CPU
		{ABC1B82D-0B5E-44A5-E335-07A33237000D}.Release|Any CPU.ActiveCfg = Release|Any CPU
		{ABC1B82D-0B5E-44A5-E335-07A33237000D}.Release|Any CPU.Build.0 = Release|Any CPU
	EndGlobalSection
	GlobalSection(SolutionProperties) = preSolution
		HideSolutionNode = FALSE
	EndGlobalSection
	GlobalSection(MonoDevelopProperties) = preSolution
		StartupItem = Assembly-CSharp.csproj
	EndGlobalSection
EndGlobal
